
Microsoft Visual Studio Solution File, Format Version 12.00
# Visual Studio Version 17
VisualStudioVersion = 17.6.33815.320
MinimumVisualStudioVersion = 10.0.40219.1
Project("{FAE04EC0-301F-11D3-BF4B-00C04F79EFBC}") = "GA_CustomList_DanielMinty", "GA_CustomList_DanielMinty\GA_CustomList_DanielMinty.csproj", "{38F2EDF9-60BB-410B-B1C1-6802395C586D}"
EndProject
Global
	GlobalSection(SolutionConfigurationPlatforms) = preSolution
		Debug|Any CPU = Debug|Any CPU
		Release|Any CPU = Release|Any CPU
	EndGlobalSection
	GlobalSection(ProjectConfigurationPlatforms) = postSolution
		{38F2EDF9-60BB-410B-B1C1-6802395C586D}.Debug|Any CPU.ActiveCfg = Debug|Any CPU
		{38F2EDF9-60BB-410B-B1C1-6802395C586D}.Debug|Any CPU.Build.0 = Debug|Any CPU
		{38F2EDF9-60BB-410B-B1C1-6802395C586D}.Release|Any CPU.ActiveCfg = Release|Any CPU
		{38F2EDF9-60BB-410B-B1C1-6802395C586D}.Release|Any CPU.Build.0 = Release|Any CPU
	EndGlobalSection
	GlobalSection(SolutionProperties) = preSolution
		HideSolutionNode = FALSE
	EndGlobalSection
	GlobalSection(ExtensibilityGlobals) = postSolution
		SolutionGuid = {133A3124-2FC3-4048-BA34-F4A3EE0427EB}
	EndGlobalSection
EndGlobal
